
Microsoft Visual Studio Solution File, Format Version 12.00
# Visual Studio Version 17
VisualStudioVersion = 17.0.31919.166
MinimumVisualStudioVersion = 10.0.40219.1
Project("{FAE04EC0-301F-11D3-BF4B-00C04F79EFBC}") = "UC9_CONSUMODOVEICULO", "UC9_CONSUMODOVEICULO\UC9_CONSUMODOVEICULO.csproj", "{5167FF06-3AB6-44F9-941C-A8120B769739}"
EndProject
Global
	GlobalSection(SolutionConfigurationPlatforms) = preSolution
		Debug|Any CPU = Debug|Any CPU
		Release|Any CPU = Release|Any CPU
	EndGlobalSection
	GlobalSection(ProjectConfigurationPlatforms) = postSolution
		{5167FF06-3AB6-44F9-941C-A8120B769739}.Debug|Any CPU.ActiveCfg = Debug|Any CPU
		{5167FF06-3AB6-44F9-941C-A8120B769739}.Debug|Any CPU.Build.0 = Debug|Any CPU
		{5167FF06-3AB6-44F9-941C-A8120B769739}.Release|Any CPU.ActiveCfg = Release|Any CPU
		{5167FF06-3AB6-44F9-941C-A8120B769739}.Release|Any CPU.Build.0 = Release|Any CPU
	EndGlobalSection
	GlobalSection(SolutionProperties) = preSolution
		HideSolutionNode = FALSE
	EndGlobalSection
	GlobalSection(ExtensibilityGlobals) = postSolution
		SolutionGuid = {F1962DA7-9721-422B-84A3-A769AC9CD9E3}
	EndGlobalSection
EndGlobal
